
Microsoft Visual Studio Solution File, Format Version 12.00
# Visual Studio Version 16
VisualStudioVersion = 16.0.28803.352
MinimumVisualStudioVersion = 10.0.40219.1
Project("{E24C65DC-7377-472B-9ABA-BC803B73C61A}") = "wwwroot", "wwwroot\", "{6BBA9F62-876F-4BB2-A4BB-502D696EAD6C}"
	ProjectSection(WebsiteProperties) = preProject
		TargetFrameworkMoniker = ".NETFramework,Version%3Dv4.7.2"
		ProjectReferences = "{7d93fd23-f739-4f09-a1b0-f5a8d0451533}|ProteanCMS.dll;{12AF6171-9AAB-4C4D-A83B-85FE18A334C1}|Protean.Tools.Csharp.dll;{76E7C871-9CEC-4795-B6F2-66439DCD9367}|Protean.Tools.dll;"
		Debug.AspNetCompiler.VirtualPath = "/localhost_52465"
		Debug.AspNetCompiler.PhysicalPath = "wwwroot\"
		Debug.AspNetCompiler.TargetPath = "PrecompiledWeb\localhost_52465\"
		Debug.AspNetCompiler.Updateable = "true"
		Debug.AspNetCompiler.ForceOverwrite = "true"
		Debug.AspNetCompiler.FixedNames = "false"
		Debug.AspNetCompiler.Debug = "True"
		Release.AspNetCompiler.VirtualPath = "/localhost_52465"
		Release.AspNetCompiler.PhysicalPath = "wwwroot\"
		Release.AspNetCompiler.TargetPath = "PrecompiledWeb\localhost_52465\"
		Release.AspNetCompiler.Updateable = "true"
		Release.AspNetCompiler.ForceOverwrite = "true"
		Release.AspNetCompiler.FixedNames = "false"
		Release.AspNetCompiler.Debug = "False"
		VWDPort = "52465"
		SlnRelativePath = "wwwroot\"
	EndProjectSection
EndProject
Project("{F184B08F-C81C-45F6-A57F-5ABD9991F28F}") = "Protean.Tools", "Assemblies\Protean.Tools\Protean.Tools.vbproj", "{76E7C871-9CEC-4795-B6F2-66439DCD9367}"
EndProject
Project("{FAE04EC0-301F-11D3-BF4B-00C04F79EFBC}") = "Protean.Tools.Csharp", "Assemblies\Protean.Tools.Csharp\Protean.Tools.Csharp.csproj", "{12AF6171-9AAB-4C4D-A83B-85FE18A334C1}"
EndProject
Project("{F184B08F-C81C-45F6-A57F-5ABD9991F28F}") = "ProteanCMS", "Assemblies\ProteanCMS\ProteanCMS.vbproj", "{7D93FD23-F739-4F09-A1B0-F5A8D0451533}"
EndProject
Project("{FAE04EC0-301F-11D3-BF4B-00C04F79EFBC}") = "ProteanCMS.UnitTests", "Assemblies\ProteanCMS.UnitTests\ProteanCMS.UnitTests\ProteanCMS.UnitTests.csproj", "{38E4392F-2E38-450D-9F3C-AC12F11EBFF7}"
EndProject
Project("{FAE04EC0-301F-11D3-BF4B-00C04F79EFBC}") = "Protean.Tools.UnitTests", "Assemblies\Protean.Tools.UnitTests\Protean.Tools.UnitTests.csproj", "{67F47060-427B-4D03-9607-0829CD6B8408}"
EndProject
Project("{FAE04EC0-301F-11D3-BF4B-00C04F79EFBC}") = "ProteanCMS.IntegrationTests", "Assemblies\ProteanCMS.IntegrationTests\ProteanCMS.IntegrationTests.csproj", "{58CA7ED9-D49F-42DC-83EA-04A4A5BCBB28}"
EndProject
Project("{E24C65DC-7377-472B-9ABA-BC803B73C61A}") = "wiki", "wiki\", "{1D896BB0-1F17-4D1E-9752-87C6AA70CD61}"
	ProjectSection(WebsiteProperties) = preProject
		TargetFrameworkMoniker = ".NETFramework,Version%3Dv4.0"
		Debug.AspNetCompiler.VirtualPath = "/localhost_61668"
		Debug.AspNetCompiler.PhysicalPath = "wiki\"
		Debug.AspNetCompiler.TargetPath = "PrecompiledWeb\localhost_61668\"
		Debug.AspNetCompiler.Updateable = "true"
		Debug.AspNetCompiler.ForceOverwrite = "true"
		Debug.AspNetCompiler.FixedNames = "false"
		Debug.AspNetCompiler.Debug = "True"
		Release.AspNetCompiler.VirtualPath = "/localhost_61668"
		Release.AspNetCompiler.PhysicalPath = "wiki\"
		Release.AspNetCompiler.TargetPath = "PrecompiledWeb\localhost_61668\"
		Release.AspNetCompiler.Updateable = "true"
		Release.AspNetCompiler.ForceOverwrite = "true"
		Release.AspNetCompiler.FixedNames = "false"
		Release.AspNetCompiler.Debug = "False"
		VWDPort = "61668"
	EndProjectSection
EndProject
Global
	GlobalSection(SolutionConfigurationPlatforms) = preSolution
		Debug|Any CPU = Debug|Any CPU
		Release|Any CPU = Release|Any CPU
	EndGlobalSection
	GlobalSection(ProjectConfigurationPlatforms) = postSolution
		{6BBA9F62-876F-4BB2-A4BB-502D696EAD6C}.Debug|Any CPU.ActiveCfg = Debug|Any CPU
		{6BBA9F62-876F-4BB2-A4BB-502D696EAD6C}.Debug|Any CPU.Build.0 = Debug|Any CPU
		{6BBA9F62-876F-4BB2-A4BB-502D696EAD6C}.Release|Any CPU.ActiveCfg = Debug|Any CPU
		{6BBA9F62-876F-4BB2-A4BB-502D696EAD6C}.Release|Any CPU.Build.0 = Debug|Any CPU
		{76E7C871-9CEC-4795-B6F2-66439DCD9367}.Debug|Any CPU.ActiveCfg = Debug|Any CPU
		{76E7C871-9CEC-4795-B6F2-66439DCD9367}.Debug|Any CPU.Build.0 = Debug|Any CPU
		{76E7C871-9CEC-4795-B6F2-66439DCD9367}.Release|Any CPU.ActiveCfg = Release|Any CPU
		{76E7C871-9CEC-4795-B6F2-66439DCD9367}.Release|Any CPU.Build.0 = Release|Any CPU
		{12AF6171-9AAB-4C4D-A83B-85FE18A334C1}.Debug|Any CPU.ActiveCfg = Debug|Any CPU
		{12AF6171-9AAB-4C4D-A83B-85FE18A334C1}.Debug|Any CPU.Build.0 = Debug|Any CPU
		{12AF6171-9AAB-4C4D-A83B-85FE18A334C1}.Release|Any CPU.ActiveCfg = Release|Any CPU
		{12AF6171-9AAB-4C4D-A83B-85FE18A334C1}.Release|Any CPU.Build.0 = Release|Any CPU
		{7D93FD23-F739-4F09-A1B0-F5A8D0451533}.Debug|Any CPU.ActiveCfg = Debug|Any CPU
		{7D93FD23-F739-4F09-A1B0-F5A8D0451533}.Debug|Any CPU.Build.0 = Debug|Any CPU
		{7D93FD23-F739-4F09-A1B0-F5A8D0451533}.Release|Any CPU.ActiveCfg = Release|Any CPU
		{7D93FD23-F739-4F09-A1B0-F5A8D0451533}.Release|Any CPU.Build.0 = Release|Any CPU
		{38E4392F-2E38-450D-9F3C-AC12F11EBFF7}.Debug|Any CPU.ActiveCfg = Debug|Any CPU
		{38E4392F-2E38-450D-9F3C-AC12F11EBFF7}.Debug|Any CPU.Build.0 = Debug|Any CPU
		{38E4392F-2E38-450D-9F3C-AC12F11EBFF7}.Release|Any CPU.ActiveCfg = Release|Any CPU
		{38E4392F-2E38-450D-9F3C-AC12F11EBFF7}.Release|Any CPU.Build.0 = Release|Any CPU
		{67F47060-427B-4D03-9607-0829CD6B8408}.Debug|Any CPU.ActiveCfg = Debug|Any CPU
		{67F47060-427B-4D03-9607-0829CD6B8408}.Debug|Any CPU.Build.0 = Debug|Any CPU
		{67F47060-427B-4D03-9607-0829CD6B8408}.Release|Any CPU.ActiveCfg = Release|Any CPU
		{67F47060-427B-4D03-9607-0829CD6B8408}.Release|Any CPU.Build.0 = Release|Any CPU
		{58CA7ED9-D49F-42DC-83EA-04A4A5BCBB28}.Debug|Any CPU.ActiveCfg = Debug|Any CPU
		{58CA7ED9-D49F-42DC-83EA-04A4A5BCBB28}.Debug|Any CPU.Build.0 = Debug|Any CPU
		{58CA7ED9-D49F-42DC-83EA-04A4A5BCBB28}.Release|Any CPU.ActiveCfg = Release|Any CPU
		{58CA7ED9-D49F-42DC-83EA-04A4A5BCBB28}.Release|Any CPU.Build.0 = Release|Any CPU
		{1D896BB0-1F17-4D1E-9752-87C6AA70CD61}.Debug|Any CPU.ActiveCfg = Debug|Any CPU
		{1D896BB0-1F17-4D1E-9752-87C6AA70CD61}.Debug|Any CPU.Build.0 = Debug|Any CPU
		{1D896BB0-1F17-4D1E-9752-87C6AA70CD61}.Release|Any CPU.ActiveCfg = Debug|Any CPU
		{1D896BB0-1F17-4D1E-9752-87C6AA70CD61}.Release|Any CPU.Build.0 = Debug|Any CPU
	EndGlobalSection
	GlobalSection(SolutionProperties) = preSolution
		HideSolutionNode = FALSE
	EndGlobalSection
	GlobalSection(ExtensibilityGlobals) = postSolution
		SolutionGuid = {D0C8173F-275C-48D3-890B-9F45BD90DAA1}
	EndGlobalSection
EndGlobal
