
Microsoft Visual Studio Solution File, Format Version 12.00
# Visual Studio Version 17
VisualStudioVersion = 17.0.31919.166
MinimumVisualStudioVersion = 10.0.40219.1
Project("{E24C65DC-7377-472B-9ABA-BC803B73C61A}") = "wwwroot", "wwwroot\", "{6BBA9F62-876F-4BB2-A4BB-502D696EAD6C}"
	ProjectSection(WebsiteProperties) = preProject
		TargetFrameworkMoniker = ".NETFramework,Version%3Dv4.7.2"
		ProjectReferences = "{12AF6171-9AAB-4C4D-A83B-85FE18A334C1}|Protean.Tools.dll;{b8c13866-2804-4975-83a4-4f76296248f5}|ProteanCMS.dll;"
		Debug.AspNetCompiler.VirtualPath = "/localhost_52465"
		Debug.AspNetCompiler.PhysicalPath = "wwwroot\"
		Debug.AspNetCompiler.TargetPath = "PrecompiledWeb\localhost_52465\"
		Debug.AspNetCompiler.Updateable = "true"
		Debug.AspNetCompiler.ForceOverwrite = "true"
		Debug.AspNetCompiler.FixedNames = "false"
		Debug.AspNetCompiler.Debug = "True"
		Release.AspNetCompiler.VirtualPath = "/localhost_52465"
		Release.AspNetCompiler.PhysicalPath = "wwwroot\"
		Release.AspNetCompiler.TargetPath = "PrecompiledWeb\localhost_52465\"
		Release.AspNetCompiler.Updateable = "true"
		Release.AspNetCompiler.ForceOverwrite = "true"
		Release.AspNetCompiler.FixedNames = "false"
		Release.AspNetCompiler.Debug = "False"
		VWDPort = "52465"
		SlnRelativePath = "wwwroot\"
	EndProjectSection
EndProject
Project("{FAE04EC0-301F-11D3-BF4B-00C04F79EFBC}") = "Protean.Tools", "Assemblies\Protean.Tools\Protean.Tools.csproj", "{12AF6171-9AAB-4C4D-A83B-85FE18A334C1}"
EndProject
Project("{FAE04EC0-301F-11D3-BF4B-00C04F79EFBC}") = "ProteanCMS.UnitTests", "Assemblies\ProteanCMS.UnitTests\ProteanCMS.UnitTests\ProteanCMS.UnitTests.csproj", "{38E4392F-2E38-450D-9F3C-AC12F11EBFF7}"
EndProject
Project("{FAE04EC0-301F-11D3-BF4B-00C04F79EFBC}") = "Protean.Tools.UnitTests", "Assemblies\Protean.Tools.UnitTests\Protean.Tools.UnitTests.csproj", "{67F47060-427B-4D03-9607-0829CD6B8408}"
EndProject
Project("{FAE04EC0-301F-11D3-BF4B-00C04F79EFBC}") = "Protean.CMS", "Assemblies\Protean.CMS\Protean.CMS.csproj", "{B8C13866-2804-4975-83A4-4F76296248F5}"
EndProject
Project("{FAE04EC0-301F-11D3-BF4B-00C04F79EFBC}") = "ProteanCMS.IntegrationTests", "Assemblies\ProteanCMS.IntegrationTests\ProteanCMS.IntegrationTests.csproj", "{58CA7ED9-D49F-42DC-83EA-04A4A5BCBB28}"
EndProject
Global
	GlobalSection(SolutionConfigurationPlatforms) = preSolution
		Debug|Any CPU = Debug|Any CPU
		Debug|ARM64 = Debug|ARM64
		Release|Any CPU = Release|Any CPU
		Release|ARM64 = Release|ARM64
	EndGlobalSection
	GlobalSection(ProjectConfigurationPlatforms) = postSolution
		{6BBA9F62-876F-4BB2-A4BB-502D696EAD6C}.Debug|Any CPU.ActiveCfg = Debug|Any CPU
		{6BBA9F62-876F-4BB2-A4BB-502D696EAD6C}.Debug|Any CPU.Build.0 = Debug|Any CPU
		{6BBA9F62-876F-4BB2-A4BB-502D696EAD6C}.Debug|ARM64.ActiveCfg = Debug|Any CPU
		{6BBA9F62-876F-4BB2-A4BB-502D696EAD6C}.Debug|ARM64.Build.0 = Debug|Any CPU
		{6BBA9F62-876F-4BB2-A4BB-502D696EAD6C}.Release|Any CPU.ActiveCfg = Debug|Any CPU
		{6BBA9F62-876F-4BB2-A4BB-502D696EAD6C}.Release|Any CPU.Build.0 = Debug|Any CPU
		{6BBA9F62-876F-4BB2-A4BB-502D696EAD6C}.Release|ARM64.ActiveCfg = Debug|Any CPU
		{6BBA9F62-876F-4BB2-A4BB-502D696EAD6C}.Release|ARM64.Build.0 = Debug|Any CPU
		{12AF6171-9AAB-4C4D-A83B-85FE18A334C1}.Debug|Any CPU.ActiveCfg = Debug|Any CPU
		{12AF6171-9AAB-4C4D-A83B-85FE18A334C1}.Debug|Any CPU.Build.0 = Debug|Any CPU
		{12AF6171-9AAB-4C4D-A83B-85FE18A334C1}.Debug|ARM64.ActiveCfg = Debug|ARM64
		{12AF6171-9AAB-4C4D-A83B-85FE18A334C1}.Debug|ARM64.Build.0 = Debug|ARM64
		{12AF6171-9AAB-4C4D-A83B-85FE18A334C1}.Release|Any CPU.ActiveCfg = Release|Any CPU
		{12AF6171-9AAB-4C4D-A83B-85FE18A334C1}.Release|Any CPU.Build.0 = Release|Any CPU
		{12AF6171-9AAB-4C4D-A83B-85FE18A334C1}.Release|ARM64.ActiveCfg = Release|ARM64
		{12AF6171-9AAB-4C4D-A83B-85FE18A334C1}.Release|ARM64.Build.0 = Release|ARM64
		{38E4392F-2E38-450D-9F3C-AC12F11EBFF7}.Debug|Any CPU.ActiveCfg = Debug|Any CPU
		{38E4392F-2E38-450D-9F3C-AC12F11EBFF7}.Debug|Any CPU.Build.0 = Debug|Any CPU
		{38E4392F-2E38-450D-9F3C-AC12F11EBFF7}.Debug|ARM64.ActiveCfg = Debug|ARM64
		{38E4392F-2E38-450D-9F3C-AC12F11EBFF7}.Debug|ARM64.Build.0 = Debug|ARM64
		{38E4392F-2E38-450D-9F3C-AC12F11EBFF7}.Release|Any CPU.ActiveCfg = Release|Any CPU
		{38E4392F-2E38-450D-9F3C-AC12F11EBFF7}.Release|Any CPU.Build.0 = Release|Any CPU
		{38E4392F-2E38-450D-9F3C-AC12F11EBFF7}.Release|ARM64.ActiveCfg = Release|ARM64
		{38E4392F-2E38-450D-9F3C-AC12F11EBFF7}.Release|ARM64.Build.0 = Release|ARM64
		{67F47060-427B-4D03-9607-0829CD6B8408}.Debug|Any CPU.ActiveCfg = Debug|Any CPU
		{67F47060-427B-4D03-9607-0829CD6B8408}.Debug|Any CPU.Build.0 = Debug|Any CPU
		{67F47060-427B-4D03-9607-0829CD6B8408}.Debug|ARM64.ActiveCfg = Debug|ARM64
		{67F47060-427B-4D03-9607-0829CD6B8408}.Debug|ARM64.Build.0 = Debug|ARM64
		{67F47060-427B-4D03-9607-0829CD6B8408}.Release|Any CPU.ActiveCfg = Release|Any CPU
		{67F47060-427B-4D03-9607-0829CD6B8408}.Release|Any CPU.Build.0 = Release|Any CPU
		{67F47060-427B-4D03-9607-0829CD6B8408}.Release|ARM64.ActiveCfg = Release|ARM64
		{67F47060-427B-4D03-9607-0829CD6B8408}.Release|ARM64.Build.0 = Release|ARM64
		{B8C13866-2804-4975-83A4-4F76296248F5}.Debug|Any CPU.ActiveCfg = Debug|Any CPU
		{B8C13866-2804-4975-83A4-4F76296248F5}.Debug|Any CPU.Build.0 = Debug|Any CPU
		{B8C13866-2804-4975-83A4-4F76296248F5}.Debug|ARM64.ActiveCfg = Debug|Any CPU
		{B8C13866-2804-4975-83A4-4F76296248F5}.Debug|ARM64.Build.0 = Debug|Any CPU
		{B8C13866-2804-4975-83A4-4F76296248F5}.Release|Any CPU.ActiveCfg = Release|Any CPU
		{B8C13866-2804-4975-83A4-4F76296248F5}.Release|Any CPU.Build.0 = Release|Any CPU
		{B8C13866-2804-4975-83A4-4F76296248F5}.Release|ARM64.ActiveCfg = Release|Any CPU
		{B8C13866-2804-4975-83A4-4F76296248F5}.Release|ARM64.Build.0 = Release|Any CPU
		{58CA7ED9-D49F-42DC-83EA-04A4A5BCBB28}.Debug|Any CPU.ActiveCfg = Debug|Any CPU
		{58CA7ED9-D49F-42DC-83EA-04A4A5BCBB28}.Debug|Any CPU.Build.0 = Debug|Any CPU
		{58CA7ED9-D49F-42DC-83EA-04A4A5BCBB28}.Debug|ARM64.ActiveCfg = Debug|ARM64
		{58CA7ED9-D49F-42DC-83EA-04A4A5BCBB28}.Debug|ARM64.Build.0 = Debug|ARM64
		{58CA7ED9-D49F-42DC-83EA-04A4A5BCBB28}.Release|Any CPU.ActiveCfg = Release|Any CPU
		{58CA7ED9-D49F-42DC-83EA-04A4A5BCBB28}.Release|Any CPU.Build.0 = Release|Any CPU
		{58CA7ED9-D49F-42DC-83EA-04A4A5BCBB28}.Release|ARM64.ActiveCfg = Release|ARM64
		{58CA7ED9-D49F-42DC-83EA-04A4A5BCBB28}.Release|ARM64.Build.0 = Release|ARM64
	EndGlobalSection
	GlobalSection(SolutionProperties) = preSolution
		HideSolutionNode = FALSE
	EndGlobalSection
	GlobalSection(ExtensibilityGlobals) = postSolution
		SolutionGuid = {D0C8173F-275C-48D3-890B-9F45BD90DAA1}
	EndGlobalSection
EndGlobal
