
Microsoft Visual Studio Solution File, Format Version 12.00
# Visual Studio Version 17
VisualStudioVersion = 17.7.34024.191
MinimumVisualStudioVersion = 10.0.40219.1
Project("{FAE04EC0-301F-11D3-BF4B-00C04F79EFBC}") = "Protean.Tools", "Protean.Tools.csproj", "{12AF6171-9AAB-4C4D-A83B-85FE18A334C1}"
EndProject
Project("{9A19103F-16F7-4668-BE54-9A1E7A4F7556}") = "Net-Standard-Protean.Tools", "..\Net-Standard-Protean.Tools\Net-Standard-Protean.Tools.csproj", "{0CCED2B3-7495-48C1-A575-70039F40BDA5}"
EndProject
Global
	GlobalSection(SolutionConfigurationPlatforms) = preSolution
		Debug|Any CPU = Debug|Any CPU
		Debug|ARM64 = Debug|ARM64
		Release|Any CPU = Release|Any CPU
		Release|ARM64 = Release|ARM64
	EndGlobalSection
	GlobalSection(ProjectConfigurationPlatforms) = postSolution
		{12AF6171-9AAB-4C4D-A83B-85FE18A334C1}.Debug|Any CPU.ActiveCfg = Debug|Any CPU
		{12AF6171-9AAB-4C4D-A83B-85FE18A334C1}.Debug|Any CPU.Build.0 = Debug|Any CPU
		{12AF6171-9AAB-4C4D-A83B-85FE18A334C1}.Debug|ARM64.ActiveCfg = Debug|ARM64
		{12AF6171-9AAB-4C4D-A83B-85FE18A334C1}.Debug|ARM64.Build.0 = Debug|ARM64
		{12AF6171-9AAB-4C4D-A83B-85FE18A334C1}.Release|Any CPU.ActiveCfg = Release|Any CPU
		{12AF6171-9AAB-4C4D-A83B-85FE18A334C1}.Release|Any CPU.Build.0 = Release|Any CPU
		{12AF6171-9AAB-4C4D-A83B-85FE18A334C1}.Release|ARM64.ActiveCfg = Release|ARM64
		{12AF6171-9AAB-4C4D-A83B-85FE18A334C1}.Release|ARM64.Build.0 = Release|ARM64
		{0CCED2B3-7495-48C1-A575-70039F40BDA5}.Debug|Any CPU.ActiveCfg = Debug|Any CPU
		{0CCED2B3-7495-48C1-A575-70039F40BDA5}.Debug|Any CPU.Build.0 = Debug|Any CPU
		{0CCED2B3-7495-48C1-A575-70039F40BDA5}.Debug|ARM64.ActiveCfg = Debug|Any CPU
		{0CCED2B3-7495-48C1-A575-70039F40BDA5}.Debug|ARM64.Build.0 = Debug|Any CPU
		{0CCED2B3-7495-48C1-A575-70039F40BDA5}.Release|Any CPU.ActiveCfg = Release|Any CPU
		{0CCED2B3-7495-48C1-A575-70039F40BDA5}.Release|Any CPU.Build.0 = Release|Any CPU
		{0CCED2B3-7495-48C1-A575-70039F40BDA5}.Release|ARM64.ActiveCfg = Release|Any CPU
		{0CCED2B3-7495-48C1-A575-70039F40BDA5}.Release|ARM64.Build.0 = Release|Any CPU
	EndGlobalSection
	GlobalSection(SolutionProperties) = preSolution
		HideSolutionNode = FALSE
	EndGlobalSection
	GlobalSection(ExtensibilityGlobals) = postSolution
		SolutionGuid = {0A349EA6-C438-4388-AD1B-0C62FDA65C0E}
	EndGlobalSection
EndGlobal
